
Microsoft Visual Studio Solution File, Format Version 12.00
# Visual Studio Version 17
VisualStudioVersion = 17.14.36221.1
MinimumVisualStudioVersion = 10.0.40219.1
Project("{FAE04EC0-301F-11D3-BF4B-00C04F79EFBC}") = "TracesTesCamions", "TracesTesCamions\TracesTesCamions.csproj", "{9804D2C7-1BB6-4361-ADA3-7C6B59484791}"
EndProject
Global
	GlobalSection(SolutionConfigurationPlatforms) = preSolution
		Debug|Any CPU = Debug|Any CPU
		Release|Any CPU = Release|Any CPU
	EndGlobalSection
	GlobalSection(ProjectConfigurationPlatforms) = postSolution
		{9804D2C7-1BB6-4361-ADA3-7C6B59484791}.Debug|Any CPU.ActiveCfg = Release|Any CPU
		{9804D2C7-1BB6-4361-ADA3-7C6B59484791}.Debug|Any CPU.Build.0 = Release|Any CPU
		{9804D2C7-1BB6-4361-ADA3-7C6B59484791}.Release|Any CPU.ActiveCfg = Release|Any CPU
		{9804D2C7-1BB6-4361-ADA3-7C6B59484791}.Release|Any CPU.Build.0 = Release|Any CPU
	EndGlobalSection
	GlobalSection(SolutionProperties) = preSolution
		HideSolutionNode = FALSE
	EndGlobalSection
	GlobalSection(ExtensibilityGlobals) = postSolution
		SolutionGuid = {F0502DC7-B864-41C0-BED4-E5D8D6376142}
	EndGlobalSection
EndGlobal
